
Microsoft Visual Studio Solution File, Format Version 12.00
# Visual Studio Version 17
VisualStudioVersion = 17.9.34728.123
MinimumVisualStudioVersion = 10.0.40219.1
Project("{FAE04EC0-301F-11D3-BF4B-00C04F79EFBC}") = "WYMDotNetCore.ConsoleApp", "WYMDotNetCore.ConsoleApp\WYMDotNetCore.ConsoleApp.csproj", "{B5990462-538A-4E1D-9609-B0DA8405B2BA}"
EndProject
Global
	GlobalSection(SolutionConfigurationPlatforms) = preSolution
		Debug|Any CPU = Debug|Any CPU
		Release|Any CPU = Release|Any CPU
	EndGlobalSection
	GlobalSection(ProjectConfigurationPlatforms) = postSolution
		{B5990462-538A-4E1D-9609-B0DA8405B2BA}.Debug|Any CPU.ActiveCfg = Debug|Any CPU
		{B5990462-538A-4E1D-9609-B0DA8405B2BA}.Debug|Any CPU.Build.0 = Debug|Any CPU
		{B5990462-538A-4E1D-9609-B0DA8405B2BA}.Release|Any CPU.ActiveCfg = Release|Any CPU
		{B5990462-538A-4E1D-9609-B0DA8405B2BA}.Release|Any CPU.Build.0 = Release|Any CPU
	EndGlobalSection
	GlobalSection(SolutionProperties) = preSolution
		HideSolutionNode = FALSE
	EndGlobalSection
	GlobalSection(ExtensibilityGlobals) = postSolution
		SolutionGuid = {6F43E8CE-1236-4F33-BBDD-6B37A659521B}
	EndGlobalSection
EndGlobal
